{
  "lockfile_version": "1",
  "packages": {
    "gcc": {
      "resolved": "github:NixOS/nixpkgs/36226520e9f7a35bf341cbe3b6a1ff9047bec6d9?narHash=sha256-%2B4A1SFln9wOCoUZM0mQfKefP1uRVmjz6bV5SPbl1Q%2F4%3D#gcc",
      "source": "nixpkg",
      "systems": {
        "aarch64-darwin": {
          "outputs": [
            {
              "path": "/nix/store/j96xhafhf0h0k28zfswvx395rmm538f5-gcc-wrapper-14.3.0",
              "default": true
            },
            {
              "name": "man",
              "path": "/nix/store/7fkdws8d6gx7gqqmkdd8hiq0idc15v0l-gcc-wrapper-14.3.0-man",
              "default": true
            }
          ]
        }
      }
    },
    "git": {
      "resolved": "github:NixOS/nixpkgs/36226520e9f7a35bf341cbe3b6a1ff9047bec6d9?narHash=sha256-%2B4A1SFln9wOCoUZM0mQfKefP1uRVmjz6bV5SPbl1Q%2F4%3D#git",
      "source": "nixpkg",
      "systems": {
        "aarch64-darwin": {
          "outputs": [
            {
              "path": "/nix/store/pm302wxb0pkwi006sz9dviw30mkz5y00-git-2.51.0",
              "default": true
            }
          ]
        }
      }
    },
    "github:NixOS/nixpkgs/nixpkgs-unstable": {
      "last_modified": "2025-11-07T02:32:13Z",
      "resolved": "github:NixOS/nixpkgs/e1ebeec86b771e9d387dd02d82ffdc77ac753abc?lastModified=1762482733&narHash=sha256-g%2Fda4FzvckvbiZT075Sb1%2FYDNDr%2BtGQgh4N8i5ceYMg%3D"
    },
    "glibcLocales@latest": {
      "last_modified": "2025-10-22T20:59:19Z",
      "resolved": "github:NixOS/nixpkgs/01b6809f7f9d1183a2b3e081f0a1e6f8f415cb09#glibcLocales",
      "source": "devbox-search",
      "version": "2.40-66",
      "systems": {
        "aarch64-linux": {
          "outputs": [
            {
              "name": "out",
              "path": "/nix/store/br6c397yfnlr9mnsc9ziv2mz015d70mg-glibc-locales-2.40-66",
              "default": true
            }
          ],
          "store_path": "/nix/store/br6c397yfnlr9mnsc9ziv2mz015d70mg-glibc-locales-2.40-66"
        },
        "x86_64-linux": {
          "outputs": [
            {
              "name": "out",
              "path": "/nix/store/lfnnsw0p9a1cbra5wf5f5zakffd7ify4-glibc-locales-2.40-66",
              "default": true
            }
          ],
          "store_path": "/nix/store/lfnnsw0p9a1cbra5wf5f5zakffd7ify4-glibc-locales-2.40-66"
        }
      }
    },
    "gnumake": {
      "resolved": "github:NixOS/nixpkgs/36226520e9f7a35bf341cbe3b6a1ff9047bec6d9?narHash=sha256-%2B4A1SFln9wOCoUZM0mQfKefP1uRVmjz6bV5SPbl1Q%2F4%3D#gnumake",
      "source": "nixpkg",
      "systems": {
        "aarch64-darwin": {
          "outputs": [
            {
              "path": "/nix/store/308q7v3aaiw4d1wjijy7xcszlgnfadb6-gnumake-4.4.1",
              "default": true
            },
            {
              "name": "man",
              "path": "/nix/store/dkvrvkwhb259fgmndacwafvvh4bnli2p-gnumake-4.4.1-man",
              "default": true
            }
          ]
        }
      }
    },
    "libffi": {
      "resolved": "github:NixOS/nixpkgs/36226520e9f7a35bf341cbe3b6a1ff9047bec6d9?narHash=sha256-%2B4A1SFln9wOCoUZM0mQfKefP1uRVmjz6bV5SPbl1Q%2F4%3D#libffi",
      "source": "nixpkg",
      "systems": {
        "aarch64-darwin": {
          "outputs": [
            {
              "name": "man",
              "path": "/nix/store/ibcsq2j1hca965jqpnsgjfzi85ykfqkg-libffi-39-man",
              "default": true
            },
            {
              "path": "/nix/store/mjri2dp2gndvl1hw0v6kfj170y3acdh2-libffi-39",
              "default": true
            }
          ]
        }
      }
    },
    "libxml2": {
      "resolved": "github:NixOS/nixpkgs/36226520e9f7a35bf341cbe3b6a1ff9047bec6d9?narHash=sha256-%2B4A1SFln9wOCoUZM0mQfKefP1uRVmjz6bV5SPbl1Q%2F4%3D#libxml2",
      "source": "nixpkg",
      "systems": {
        "aarch64-darwin": {
          "outputs": [
            {
              "name": "bin",
              "path": "/nix/store/svsq422w03qa21qw063ld0b3lwm5lrxb-libxml2-2.14.6-bin",
              "default": true
            }
          ]
        }
      }
    },
    "libxslt": {
      "resolved": "github:NixOS/nixpkgs/36226520e9f7a35bf341cbe3b6a1ff9047bec6d9?narHash=sha256-%2B4A1SFln9wOCoUZM0mQfKefP1uRVmjz6bV5SPbl1Q%2F4%3D#libxslt",
      "source": "nixpkg",
      "systems": {
        "aarch64-darwin": {
          "outputs": [
            {
              "name": "bin",
              "path": "/nix/store/mwqk6dc276d38knnz6vbpnaafjsw7wzi-libxslt-1.1.43-bin",
              "default": true
            }
          ]
        }
      }
    },
    "libyaml": {
      "resolved": "github:NixOS/nixpkgs/36226520e9f7a35bf341cbe3b6a1ff9047bec6d9?narHash=sha256-%2B4A1SFln9wOCoUZM0mQfKefP1uRVmjz6bV5SPbl1Q%2F4%3D#libyaml",
      "source": "nixpkg",
      "systems": {
        "aarch64-darwin": {
          "outputs": [
            {
              "path": "/nix/store/cdlb4hidwn1slsrmb481x5gk7vcbn1k6-libyaml-0.2.5",
              "default": true
            }
          ]
        }
      }
    },
    "nodejs": {
      "plugin_version": "0.0.2",
      "resolved": "github:NixOS/nixpkgs/36226520e9f7a35bf341cbe3b6a1ff9047bec6d9?narHash=sha256-%2B4A1SFln9wOCoUZM0mQfKefP1uRVmjz6bV5SPbl1Q%2F4%3D#nodejs",
      "source": "nixpkg",
      "systems": {
        "aarch64-darwin": {
          "outputs": [
            {
              "path": "/nix/store/7hnbd3z2flnqh17fh3sbk0srpn6zvzck-nodejs-22.19.0",
              "default": true
            }
          ]
        }
      }
    },
    "openssl": {
      "resolved": "github:NixOS/nixpkgs/36226520e9f7a35bf341cbe3b6a1ff9047bec6d9?narHash=sha256-%2B4A1SFln9wOCoUZM0mQfKefP1uRVmjz6bV5SPbl1Q%2F4%3D#openssl",
      "source": "nixpkg",
      "systems": {
        "aarch64-darwin": {
          "outputs": [
            {
              "name": "man",
              "path": "/nix/store/814aqaj5iqd6x9ij8driahid9mwi0yvh-openssl-3.5.2-man",
              "default": true
            },
            {
              "name": "bin",
              "path": "/nix/store/iyba5bmji77achwhhp0c1k35amki3iz8-openssl-3.5.2-bin",
              "default": true
            }
          ]
        }
      }
    },
    "pkg-config": {
      "resolved": "github:NixOS/nixpkgs/36226520e9f7a35bf341cbe3b6a1ff9047bec6d9?narHash=sha256-%2B4A1SFln9wOCoUZM0mQfKefP1uRVmjz6bV5SPbl1Q%2F4%3D#pkg-config",
      "source": "nixpkg",
      "systems": {
        "aarch64-darwin": {
          "outputs": [
            {
              "name": "man",
              "path": "/nix/store/79sdaira0i3lmabrpfh32nh29wxszj6d-pkg-config-wrapper-0.29.2-man",
              "default": true
            },
            {
              "path": "/nix/store/lzxb7hfq1md81mwh8kg9259va4svb0gd-pkg-config-wrapper-0.29.2",
              "default": true
            }
          ]
        }
      }
    },
    "postgresql": {
      "plugin_version": "0.0.2",
      "resolved": "github:NixOS/nixpkgs/36226520e9f7a35bf341cbe3b6a1ff9047bec6d9?narHash=sha256-%2B4A1SFln9wOCoUZM0mQfKefP1uRVmjz6bV5SPbl1Q%2F4%3D#postgresql",
      "source": "nixpkg",
      "systems": {
        "aarch64-darwin": {
          "outputs": [
            {
              "path": "/nix/store/5za2gadzgiaycivnr1jyin20c99j15bv-postgresql-17.6",
              "default": true
            },
            {
              "name": "man",
              "path": "/nix/store/slw7ik247xrd1sg90dxdpvyk4rb3ddyy-postgresql-17.6-man",
              "default": true
            }
          ]
        }
      }
    },
    "readline": {
      "resolved": "github:NixOS/nixpkgs/36226520e9f7a35bf341cbe3b6a1ff9047bec6d9?narHash=sha256-%2B4A1SFln9wOCoUZM0mQfKefP1uRVmjz6bV5SPbl1Q%2F4%3D#readline",
      "source": "nixpkg",
      "systems": {
        "aarch64-darwin": {
          "outputs": [
            {
              "name": "man",
              "path": "/nix/store/9sglnjqi60s8r7cm52jsz2ak8isb1x9x-readline-8.3p1-man",
              "default": true
            },
            {
              "path": "/nix/store/1zs09zfhqg7hqy8af1jsqjj03ckqrjbx-readline-8.3p1",
              "default": true
            }
          ]
        }
      }
    },
    "rsync": {
      "resolved": "github:NixOS/nixpkgs/36226520e9f7a35bf341cbe3b6a1ff9047bec6d9?narHash=sha256-%2B4A1SFln9wOCoUZM0mQfKefP1uRVmjz6bV5SPbl1Q%2F4%3D#rsync",
      "source": "nixpkg",
      "systems": {
        "aarch64-darwin": {
          "outputs": [
            {
              "path": "/nix/store/5wjanr99rpaylk2c38rxcc1j96s83qdn-rsync-3.4.1",
              "default": true
            }
          ]
        }
      }
    },
    "ruby_3_3": {
      "plugin_version": "0.0.2",
      "resolved": "github:NixOS/nixpkgs/36226520e9f7a35bf341cbe3b6a1ff9047bec6d9?narHash=sha256-%2B4A1SFln9wOCoUZM0mQfKefP1uRVmjz6bV5SPbl1Q%2F4%3D#ruby_3_3",
      "source": "nixpkg",
      "systems": {
        "aarch64-darwin": {
          "outputs": [
            {
              "path": "/nix/store/5kmiw2wqmhk6y0ij77z6xpw3jddbqmii-ruby-3.3.9",
              "default": true
            }
          ]
        }
      }
    },
    "yarn": {
      "resolved": "github:NixOS/nixpkgs/36226520e9f7a35bf341cbe3b6a1ff9047bec6d9?narHash=sha256-%2B4A1SFln9wOCoUZM0mQfKefP1uRVmjz6bV5SPbl1Q%2F4%3D#yarn",
      "source": "nixpkg",
      "systems": {
        "aarch64-darwin": {
          "outputs": [
            {
              "path": "/nix/store/08a4ndlsxqxhl1fh8rv6xvp5g3mb2rza-yarn-1.22.22",
              "default": true
            }
          ]
        }
      }
    },
    "zlib": {
      "resolved": "github:NixOS/nixpkgs/36226520e9f7a35bf341cbe3b6a1ff9047bec6d9?narHash=sha256-%2B4A1SFln9wOCoUZM0mQfKefP1uRVmjz6bV5SPbl1Q%2F4%3D#zlib",
      "source": "nixpkg",
      "systems": {
        "aarch64-darwin": {
          "outputs": [
            {
              "path": "/nix/store/5vnba43n1w87cs2i2dd242zy88k4dwf9-zlib-1.3.1",
              "default": true
            }
          ]
        }
      }
    }
  }
}
